// !$*UTF8*$!
{
	archiveVersion = 1;
	classes = {
	};
	objectVersion = 55;
	objects = {

/* Begin PBXBuildFile section */
		2C7EB726291D78D80015BBA1 /* AppDelegate.swift in Sources */ = {isa = PBXBuildFile; fileRef = 2C7EB725291D78D80015BBA1 /* AppDelegate.swift */; };
		2C7EB728291D78D80015BBA1 /* SceneDelegate.swift in Sources */ = {isa = PBXBuildFile; fileRef = 2C7EB727291D78D80015BBA1 /* SceneDelegate.swift */; };
		2C7EB72A291D78D80015BBA1 /* ViewController.swift in Sources */ = {isa = PBXBuildFile; fileRef = 2C7EB729291D78D80015BBA1 /* ViewController.swift */; };
		2C7EB72D291D78D80015BBA1 /* Main.storyboard in Resources */ = {isa = PBXBuildFile; fileRef = 2C7EB72B291D78D80015BBA1 /* Main.storyboard */; };
		2C7EB72F291D78DB0015BBA1 /* Assets.xcassets in Resources */ = {isa = PBXBuildFile; fileRef = 2C7EB72E291D78DB0015BBA1 /* Assets.xcassets */; };
		2C7EB732291D78DB0015BBA1 /* LaunchScreen.storyboard in Resources */ = {isa = PBXBuildFile; fileRef = 2C7EB730291D78DB0015BBA1 /* LaunchScreen.storyboard */; };
		2C7EB73C291D7BFD0015BBA1 /* GoogleService-Info.plist in Resources */ = {isa = PBXBuildFile; fileRef = 2C7EB73B291D7BFD0015BBA1 /* GoogleService-Info.plist */; };
		2CED5F0F2927F65E00DEB9EB /* UserProvider.swift in Sources */ = {isa = PBXBuildFile; fileRef = 2CED5F0E2927F65E00DEB9EB /* UserProvider.swift */; };
		2CED5F122927F6B700DEB9EB /* UserModel.swift in Sources */ = {isa = PBXBuildFile; fileRef = 2CED5F112927F6B700DEB9EB /* UserModel.swift */; };
		2CED5F152927F95000DEB9EB /* Constants.swift in Sources */ = {isa = PBXBuildFile; fileRef = 2CED5F142927F95000DEB9EB /* Constants.swift */; };
		2CED5F172927FDAF00DEB9EB /* UserBusiness.swift in Sources */ = {isa = PBXBuildFile; fileRef = 2CED5F162927FDAF00DEB9EB /* UserBusiness.swift */; };
		52DF653551E7833A5169DE57 /* Pods_SwiftArquiteturas.framework in Frameworks */ = {isa = PBXBuildFile; fileRef = 4EF5A6B9A3A023A25BE4CD32 /* Pods_SwiftArquiteturas.framework */; };
/* End PBXBuildFile section */

/* Begin PBXFileReference section */
		2C7EB722291D78D80015BBA1 /* SwiftArquiteturas.app */ = {isa = PBXFileReference; explicitFileType = wrapper.application; includeInIndex = 0; path = SwiftArquiteturas.app; sourceTree = BUILT_PRODUCTS_DIR; };
		2C7EB725291D78D80015BBA1 /* AppDelegate.swift */ = {isa = PBXFileReference; lastKnownFileType = sourcecode.swift; path = AppDelegate.swift; sourceTree = "<group>"; };
		2C7EB727291D78D80015BBA1 /* SceneDelegate.swift */ = {isa = PBXFileReference; lastKnownFileType = sourcecode.swift; path = SceneDelegate.swift; sourceTree = "<group>"; };
		2C7EB729291D78D80015BBA1 /* ViewController.swift */ = {isa = PBXFileReference; lastKnownFileType = sourcecode.swift; path = ViewController.swift; sourceTree = "<group>"; };
		2C7EB72C291D78D80015BBA1 /* Base */ = {isa = PBXFileReference; lastKnownFileType = file.storyboard; name = Base; path = Base.lproj/Main.storyboard; sourceTree = "<group>"; };
		2C7EB72E291D78DB0015BBA1 /* Assets.xcassets */ = {isa = PBXFileReference; lastKnownFileType = folder.assetcatalog; path = Assets.xcassets; sourceTree = "<group>"; };
		2C7EB731291D78DB0015BBA1 /* Base */ = {isa = PBXFileReference; lastKnownFileType = file.storyboard; name = Base; path = Base.lproj/LaunchScreen.storyboard; sourceTree = "<group>"; };
		2C7EB733291D78DB0015BBA1 /* Info.plist */ = {isa = PBXFileReference; lastKnownFileType = text.plist.xml; path = Info.plist; sourceTree = "<group>"; };
		2C7EB73B291D7BFD0015BBA1 /* GoogleService-Info.plist */ = {isa = PBXFileReference; fileEncoding = 4; lastKnownFileType = text.plist.xml; path = "GoogleService-Info.plist"; sourceTree = "<group>"; };
		2CED5F0E2927F65E00DEB9EB /* UserProvider.swift */ = {isa = PBXFileReference; lastKnownFileType = sourcecode.swift; path = UserProvider.swift; sourceTree = "<group>"; };
		2CED5F112927F6B700DEB9EB /* UserModel.swift */ = {isa = PBXFileReference; lastKnownFileType = sourcecode.swift; path = UserModel.swift; sourceTree = "<group>"; };
		2CED5F142927F95000DEB9EB /* Constants.swift */ = {isa = PBXFileReference; lastKnownFileType = sourcecode.swift; path = Constants.swift; sourceTree = "<group>"; };
		2CED5F162927FDAF00DEB9EB /* UserBusiness.swift */ = {isa = PBXFileReference; lastKnownFileType = sourcecode.swift; path = UserBusiness.swift; sourceTree = "<group>"; };
		2F4AA5226DF82FB0B6E95B18 /* Pods-SwiftArquiteturas.debug.xcconfig */ = {isa = PBXFileReference; includeInIndex = 1; lastKnownFileType = text.xcconfig; name = "Pods-SwiftArquiteturas.debug.xcconfig"; path = "Target Support Files/Pods-SwiftArquiteturas/Pods-SwiftArquiteturas.debug.xcconfig"; sourceTree = "<group>"; };
		4EF5A6B9A3A023A25BE4CD32 /* Pods_SwiftArquiteturas.framework */ = {isa = PBXFileReference; explicitFileType = wrapper.framework; includeInIndex = 0; path = Pods_SwiftArquiteturas.framework; sourceTree = BUILT_PRODUCTS_DIR; };
		C977693CFA2F1A0403234B19 /* Pods-SwiftArquiteturas.release.xcconfig */ = {isa = PBXFileReference; includeInIndex = 1; lastKnownFileType = text.xcconfig; name = "Pods-SwiftArquiteturas.release.xcconfig"; path = "Target Support Files/Pods-SwiftArquiteturas/Pods-SwiftArquiteturas.release.xcconfig"; sourceTree = "<group>"; };
/* End PBXFileReference section */

/* Begin PBXFrameworksBuildPhase section */
		2C7EB71F291D78D80015BBA1 /* Frameworks */ = {
			isa = PBXFrameworksBuildPhase;
			buildActionMask = 2147483647;
			files = (
				52DF653551E7833A5169DE57 /* Pods_SwiftArquiteturas.framework in Frameworks */,
			);
			runOnlyForDeploymentPostprocessing = 0;
		};
/* End PBXFrameworksBuildPhase section */

/* Begin PBXGroup section */
		2C7EB719291D78D80015BBA1 = {
			isa = PBXGroup;
			children = (
				2C7EB724291D78D80015BBA1 /* SwiftArquiteturas */,
				2C7EB723291D78D80015BBA1 /* Products */,
				F5BA123F4D346407449A538C /* Pods */,
				440BCE5E21E22833259228EF /* Frameworks */,
			);
			sourceTree = "<group>";
		};
		2C7EB723291D78D80015BBA1 /* Products */ = {
			isa = PBXGroup;
			children = (
				2C7EB722291D78D80015BBA1 /* SwiftArquiteturas.app */,
			);
			name = Products;
			sourceTree = "<group>";
		};
		2C7EB724291D78D80015BBA1 /* SwiftArquiteturas */ = {
			isa = PBXGroup;
			children = (
				2CED5F132927F93A00DEB9EB /* Infrastructure */,
				2CBE8C232927B3CC007721ED /* API */,
				2CBE8C272927B3FB007721ED /* Source */,
				2C7EB733291D78DB0015BBA1 /* Info.plist */,
				2C7EB73B291D7BFD0015BBA1 /* GoogleService-Info.plist */,
			);
			path = SwiftArquiteturas;
			sourceTree = "<group>";
		};
		2CBE8C232927B3CC007721ED /* API */ = {
			isa = PBXGroup;
			children = (
				2CED5F102927F6A000DEB9EB /* Model */,
				2CBE8C262927B3ED007721ED /* Provider */,
				2CBE8C252927B3E3007721ED /* Manager */,
				2CBE8C242927B3D8007721ED /* Business */,
			);
			path = API;
			sourceTree = "<group>";
		};
		2CBE8C242927B3D8007721ED /* Business */ = {
			isa = PBXGroup;
			children = (
				2CED5F162927FDAF00DEB9EB /* UserBusiness.swift */,
			);
			path = Business;
			sourceTree = "<group>";
		};
		2CBE8C252927B3E3007721ED /* Manager */ = {
			isa = PBXGroup;
			children = (
			);
			path = Manager;
			sourceTree = "<group>";
		};
		2CBE8C262927B3ED007721ED /* Provider */ = {
			isa = PBXGroup;
			children = (
				2CED5F0E2927F65E00DEB9EB /* UserProvider.swift */,
			);
			path = Provider;
			sourceTree = "<group>";
		};
		2CBE8C272927B3FB007721ED /* Source */ = {
			isa = PBXGroup;
			children = (
				2C7EB725291D78D80015BBA1 /* AppDelegate.swift */,
				2C7EB727291D78D80015BBA1 /* SceneDelegate.swift */,
				2C7EB729291D78D80015BBA1 /* ViewController.swift */,
				2C7EB72B291D78D80015BBA1 /* Main.storyboard */,
				2C7EB72E291D78DB0015BBA1 /* Assets.xcassets */,
				2C7EB730291D78DB0015BBA1 /* LaunchScreen.storyboard */,
			);
			path = Source;
			sourceTree = "<group>";
		};
		2CED5F102927F6A000DEB9EB /* Model */ = {
			isa = PBXGroup;
			children = (
				2CED5F112927F6B700DEB9EB /* UserModel.swift */,
			);
			path = Model;
			sourceTree = "<group>";
		};
		2CED5F132927F93A00DEB9EB /* Infrastructure */ = {
			isa = PBXGroup;
			children = (
				2CED5F142927F95000DEB9EB /* Constants.swift */,
			);
			path = Infrastructure;
			sourceTree = "<group>";
		};
		440BCE5E21E22833259228EF /* Frameworks */ = {
			isa = PBXGroup;
			children = (
				4EF5A6B9A3A023A25BE4CD32 /* Pods_SwiftArquiteturas.framework */,
			);
			name = Frameworks;
			sourceTree = "<group>";
		};
		F5BA123F4D346407449A538C /* Pods */ = {
			isa = PBXGroup;
			children = (
				2F4AA5226DF82FB0B6E95B18 /* Pods-SwiftArquiteturas.debug.xcconfig */,
				C977693CFA2F1A0403234B19 /* Pods-SwiftArquiteturas.release.xcconfig */,
			);
			path = Pods;
			sourceTree = "<group>";
		};
/* End PBXGroup section */

/* Begin PBXNativeTarget section */
		2C7EB721291D78D80015BBA1 /* SwiftArquiteturas */ = {
			isa = PBXNativeTarget;
			buildConfigurationList = 2C7EB736291D78DB0015BBA1 /* Build configuration list for PBXNativeTarget "SwiftArquiteturas" */;
			buildPhases = (
				42DC373381A055D1CE219BB7 /* [CP] Check Pods Manifest.lock */,
				2C7EB71E291D78D80015BBA1 /* Sources */,
				2C7EB71F291D78D80015BBA1 /* Frameworks */,
				2C7EB720291D78D80015BBA1 /* Resources */,
				B4FA82D989858613CFA53238 /* [CP] Embed Pods Frameworks */,
			);
			buildRules = (
			);
			dependencies = (
			);
			name = SwiftArquiteturas;
			productName = SwiftArquiteturas;
			productReference = 2C7EB722291D78D80015BBA1 /* SwiftArquiteturas.app */;
			productType = "com.apple.product-type.application";
		};
/* End PBXNativeTarget section */

/* Begin PBXProject section */
		2C7EB71A291D78D80015BBA1 /* Project object */ = {
			isa = PBXProject;
			attributes = {
				BuildIndependentTargetsInParallel = 1;
				LastSwiftUpdateCheck = 1340;
				LastUpgradeCheck = 1340;
				TargetAttributes = {
					2C7EB721291D78D80015BBA1 = {
						CreatedOnToolsVersion = 13.4.1;
					};
				};
			};
			buildConfigurationList = 2C7EB71D291D78D80015BBA1 /* Build configuration list for PBXProject "SwiftArquiteturas" */;
			compatibilityVersion = "Xcode 13.0";
			developmentRegion = en;
			hasScannedForEncodings = 0;
			knownRegions = (
				en,
				Base,
			);
			mainGroup = 2C7EB719291D78D80015BBA1;
			productRefGroup = 2C7EB723291D78D80015BBA1 /* Products */;
			projectDirPath = "";
			projectRoot = "";
			targets = (
				2C7EB721291D78D80015BBA1 /* SwiftArquiteturas */,
			);
		};
/* End PBXProject section */

/* Begin PBXResourcesBuildPhase section */
		2C7EB720291D78D80015BBA1 /* Resources */ = {
			isa = PBXResourcesBuildPhase;
			buildActionMask = 2147483647;
			files = (
				2C7EB732291D78DB0015BBA1 /* LaunchScreen.storyboard in Resources */,
				2C7EB73C291D7BFD0015BBA1 /* GoogleService-Info.plist in Resources */,
				2C7EB72F291D78DB0015BBA1 /* Assets.xcassets in Resources */,
				2C7EB72D291D78D80015BBA1 /* Main.storyboard in Resources */,
			);
			runOnlyForDeploymentPostprocessing = 0;
		};
/* End PBXResourcesBuildPhase section */

/* Begin PBXShellScriptBuildPhase section */
		42DC373381A055D1CE219BB7 /* [CP] Check Pods Manifest.lock */ = {
			isa = PBXShellScriptBuildPhase;
			buildActionMask = 2147483647;
			files = (
			);
			inputFileListPaths = (
			);
			inputPaths = (
				"${PODS_PODFILE_DIR_PATH}/Podfile.lock",
				"${PODS_ROOT}/Manifest.lock",
			);
			name = "[CP] Check Pods Manifest.lock";
			outputFileListPaths = (
			);
			outputPaths = (
				"$(DERIVED_FILE_DIR)/Pods-SwiftArquiteturas-checkManifestLockResult.txt",
			);
			runOnlyForDeploymentPostprocessing = 0;
			shellPath = /bin/sh;
			shellScript = "diff \"${PODS_PODFILE_DIR_PATH}/Podfile.lock\" \"${PODS_ROOT}/Manifest.lock\" > /dev/null\nif [ $? != 0 ] ; then\n    # print error to STDERR\n    echo \"error: The sandbox is not in sync with the Podfile.lock. Run 'pod install' or update your CocoaPods installation.\" >&2\n    exit 1\nfi\n# This output is used by Xcode 'outputs' to avoid re-running this script phase.\necho \"SUCCESS\" > \"${SCRIPT_OUTPUT_FILE_0}\"\n";
			showEnvVarsInLog = 0;
		};
		B4FA82D989858613CFA53238 /* [CP] Embed Pods Frameworks */ = {
			isa = PBXShellScriptBuildPhase;
			buildActionMask = 2147483647;
			files = (
			);
			inputFileListPaths = (
				"${PODS_ROOT}/Target Support Files/Pods-SwiftArquiteturas/Pods-SwiftArquiteturas-frameworks-${CONFIGURATION}-input-files.xcfilelist",
			);
			name = "[CP] Embed Pods Frameworks";
			outputFileListPaths = (
				"${PODS_ROOT}/Target Support Files/Pods-SwiftArquiteturas/Pods-SwiftArquiteturas-frameworks-${CONFIGURATION}-output-files.xcfilelist",
			);
			runOnlyForDeploymentPostprocessing = 0;
			shellPath = /bin/sh;
			shellScript = "\"${PODS_ROOT}/Target Support Files/Pods-SwiftArquiteturas/Pods-SwiftArquiteturas-frameworks.sh\"\n";
			showEnvVarsInLog = 0;
		};
/* End PBXShellScriptBuildPhase section */

/* Begin PBXSourcesBuildPhase section */
		2C7EB71E291D78D80015BBA1 /* Sources */ = {
			isa = PBXSourcesBuildPhase;
			buildActionMask = 2147483647;
			files = (
				2C7EB72A291D78D80015BBA1 /* ViewController.swift in Sources */,
				2CED5F0F2927F65E00DEB9EB /* UserProvider.swift in Sources */,
				2C7EB726291D78D80015BBA1 /* AppDelegate.swift in Sources */,
				2CED5F122927F6B700DEB9EB /* UserModel.swift in Sources */,
				2C7EB728291D78D80015BBA1 /* SceneDelegate.swift in Sources */,
				2CED5F152927F95000DEB9EB /* Constants.swift in Sources */,
				2CED5F172927FDAF00DEB9EB /* UserBusiness.swift in Sources */,
			);
			runOnlyForDeploymentPostprocessing = 0;
		};
/* End PBXSourcesBuildPhase section */

/* Begin PBXVariantGroup section */
		2C7EB72B291D78D80015BBA1 /* Main.storyboard */ = {
			isa = PBXVariantGroup;
			children = (
				2C7EB72C291D78D80015BBA1 /* Base */,
			);
			name = Main.storyboard;
			sourceTree = "<group>";
		};
		2C7EB730291D78DB0015BBA1 /* LaunchScreen.storyboard */ = {
			isa = PBXVariantGroup;
			children = (
				2C7EB731291D78DB0015BBA1 /* Base */,
			);
			name = LaunchScreen.storyboard;
			sourceTree = "<group>";
		};
/* End PBXVariantGroup section */

/* Begin XCBuildConfiguration section */
		2C7EB734291D78DB0015BBA1 /* Debug */ = {
			isa = XCBuildConfiguration;
			buildSettings = {
				ALWAYS_SEARCH_USER_PATHS = NO;
				CLANG_ANALYZER_NONNULL = YES;
				CLANG_ANALYZER_NUMBER_OBJECT_CONVERSION = YES_AGGRESSIVE;
				CLANG_CXX_LANGUAGE_STANDARD = "gnu++17";
				CLANG_ENABLE_MODULES = YES;
				CLANG_ENABLE_OBJC_ARC = YES;
				CLANG_ENABLE_OBJC_WEAK = YES;
				CLANG_WARN_BLOCK_CAPTURE_AUTORELEASING = YES;
				CLANG_WARN_BOOL_CONVERSION = YES;
				CLANG_WARN_COMMA = YES;
				CLANG_WARN_CONSTANT_CONVERSION = YES;
				CLANG_WARN_DEPRECATED_OBJC_IMPLEMENTATIONS = YES;
				CLANG_WARN_DIRECT_OBJC_ISA_USAGE = YES_ERROR;
				CLANG_WARN_DOCUMENTATION_COMMENTS = YES;
				CLANG_WARN_EMPTY_BODY = YES;
				CLANG_WARN_ENUM_CONVERSION = YES;
				CLANG_WARN_INFINITE_RECURSION = YES;
				CLANG_WARN_INT_CONVERSION = YES;
				CLANG_WARN_NON_LITERAL_NULL_CONVERSION = YES;
				CLANG_WARN_OBJC_IMPLICIT_RETAIN_SELF = YES;
				CLANG_WARN_OBJC_LITERAL_CONVERSION = YES;
				CLANG_WARN_OBJC_ROOT_CLASS = YES_ERROR;
				CLANG_WARN_QUOTED_INCLUDE_IN_FRAMEWORK_HEADER = YES;
				CLANG_WARN_RANGE_LOOP_ANALYSIS = YES;
				CLANG_WARN_STRICT_PROTOTYPES = YES;
				CLANG_WARN_SUSPICIOUS_MOVE = YES;
				CLANG_WARN_UNGUARDED_AVAILABILITY = YES_AGGRESSIVE;
				CLANG_WARN_UNREACHABLE_CODE = YES;
				CLANG_WARN__DUPLICATE_METHOD_MATCH = YES;
				COPY_PHASE_STRIP = NO;
				DEBUG_INFORMATION_FORMAT = dwarf;
				ENABLE_STRICT_OBJC_MSGSEND = YES;
				ENABLE_TESTABILITY = YES;
				GCC_C_LANGUAGE_STANDARD = gnu11;
				GCC_DYNAMIC_NO_PIC = NO;
				GCC_NO_COMMON_BLOCKS = YES;
				GCC_OPTIMIZATION_LEVEL = 0;
				GCC_PREPROCESSOR_DEFINITIONS = (
					"DEBUG=1",
					"$(inherited)",
				);
				GCC_WARN_64_TO_32_BIT_CONVERSION = YES;
				GCC_WARN_ABOUT_RETURN_TYPE = YES_ERROR;
				GCC_WARN_UNDECLARED_SELECTOR = YES;
				GCC_WARN_UNINITIALIZED_AUTOS = YES_AGGRESSIVE;
				GCC_WARN_UNUSED_FUNCTION = YES;
				GCC_WARN_UNUSED_VARIABLE = YES;
				IPHONEOS_DEPLOYMENT_TARGET = 15.5;
				MTL_ENABLE_DEBUG_INFO = INCLUDE_SOURCE;
				MTL_FAST_MATH = YES;
				ONLY_ACTIVE_ARCH = YES;
				SDKROOT = iphoneos;
				SWIFT_ACTIVE_COMPILATION_CONDITIONS = DEBUG;
				SWIFT_OPTIMIZATION_LEVEL = "-Onone";
			};
			name = Debug;
		};
		2C7EB735291D78DB0015BBA1 /* Release */ = {
			isa = XCBuildConfiguration;
			buildSettings = {
				ALWAYS_SEARCH_USER_PATHS = NO;
				CLANG_ANALYZER_NONNULL = YES;
				CLANG_ANALYZER_NUMBER_OBJECT_CONVERSION = YES_AGGRESSIVE;
				CLANG_CXX_LANGUAGE_STANDARD = "gnu++17";
				CLANG_ENABLE_MODULES = YES;
				CLANG_ENABLE_OBJC_ARC = YES;
				CLANG_ENABLE_OBJC_WEAK = YES;
				CLANG_WARN_BLOCK_CAPTURE_AUTORELEASING = YES;
				CLANG_WARN_BOOL_CONVERSION = YES;
				CLANG_WARN_COMMA = YES;
				CLANG_WARN_CONSTANT_CONVERSION = YES;
				CLANG_WARN_DEPRECATED_OBJC_IMPLEMENTATIONS = YES;
				CLANG_WARN_DIRECT_OBJC_ISA_USAGE = YES_ERROR;
				CLANG_WARN_DOCUMENTATION_COMMENTS = YES;
				CLANG_WARN_EMPTY_BODY = YES;
				CLANG_WARN_ENUM_CONVERSION = YES;
				CLANG_WARN_INFINITE_RECURSION = YES;
				CLANG_WARN_INT_CONVERSION = YES;
				CLANG_WARN_NON_LITERAL_NULL_CONVERSION = YES;
				CLANG_WARN_OBJC_IMPLICIT_RETAIN_SELF = YES;
				CLANG_WARN_OBJC_LITERAL_CONVERSION = YES;
				CLANG_WARN_OBJC_ROOT_CLASS = YES_ERROR;
				CLANG_WARN_QUOTED_INCLUDE_IN_FRAMEWORK_HEADER = YES;
				CLANG_WARN_RANGE_LOOP_ANALYSIS = YES;
				CLANG_WARN_STRICT_PROTOTYPES = YES;
				CLANG_WARN_SUSPICIOUS_MOVE = YES;
				CLANG_WARN_UNGUARDED_AVAILABILITY = YES_AGGRESSIVE;
				CLANG_WARN_UNREACHABLE_CODE = YES;
				CLANG_WARN__DUPLICATE_METHOD_MATCH = YES;
				COPY_PHASE_STRIP = NO;
				DEBUG_INFORMATION_FORMAT = "dwarf-with-dsym";
				ENABLE_NS_ASSERTIONS = NO;
				ENABLE_STRICT_OBJC_MSGSEND = YES;
				GCC_C_LANGUAGE_STANDARD = gnu11;
				GCC_NO_COMMON_BLOCKS = YES;
				GCC_WARN_64_TO_32_BIT_CONVERSION = YES;
				GCC_WARN_ABOUT_RETURN_TYPE = YES_ERROR;
				GCC_WARN_UNDECLARED_SELECTOR = YES;
				GCC_WARN_UNINITIALIZED_AUTOS = YES_AGGRESSIVE;
				GCC_WARN_UNUSED_FUNCTION = YES;
				GCC_WARN_UNUSED_VARIABLE = YES;
				IPHONEOS_DEPLOYMENT_TARGET = 15.5;
				MTL_ENABLE_DEBUG_INFO = NO;
				MTL_FAST_MATH = YES;
				SDKROOT = iphoneos;
				SWIFT_COMPILATION_MODE = wholemodule;
				SWIFT_OPTIMIZATION_LEVEL = "-O";
				VALIDATE_PRODUCT = YES;
			};
			name = Release;
		};
		2C7EB737291D78DB0015BBA1 /* Debug */ = {
			isa = XCBuildConfiguration;
			baseConfigurationReference = 2F4AA5226DF82FB0B6E95B18 /* Pods-SwiftArquiteturas.debug.xcconfig */;
			buildSettings = {
				ASSETCATALOG_COMPILER_APPICON_NAME = AppIcon;
				ASSETCATALOG_COMPILER_GLOBAL_ACCENT_COLOR_NAME = AccentColor;
				CODE_SIGN_STYLE = Automatic;
				CURRENT_PROJECT_VERSION = 1;
				GENERATE_INFOPLIST_FILE = YES;
				INFOPLIST_FILE = SwiftArquiteturas/Info.plist;
				INFOPLIST_KEY_UIApplicationSupportsIndirectInputEvents = YES;
				INFOPLIST_KEY_UILaunchStoryboardName = LaunchScreen;
				INFOPLIST_KEY_UIMainStoryboardFile = Main;
				INFOPLIST_KEY_UISupportedInterfaceOrientations_iPad = "UIInterfaceOrientationPortrait UIInterfaceOrientationPortraitUpsideDown UIInterfaceOrientationLandscapeLeft UIInterfaceOrientationLandscapeRight";
				INFOPLIST_KEY_UISupportedInterfaceOrientations_iPhone = "UIInterfaceOrientationPortrait UIInterfaceOrientationLandscapeLeft UIInterfaceOrientationLandscapeRight";
				LD_RUNPATH_SEARCH_PATHS = (
					"$(inherited)",
					"@executable_path/Frameworks",
				);
				MARKETING_VERSION = 1.0;
				PRODUCT_BUNDLE_IDENTIFIER = br.com.nttdataeveris.SwiftArquiteturas;
				PRODUCT_NAME = "$(TARGET_NAME)";
				SWIFT_EMIT_LOC_STRINGS = YES;
				SWIFT_VERSION = 5.0;
				TARGETED_DEVICE_FAMILY = "1,2";
			};
			name = Debug;
		};
		2C7EB738291D78DB0015BBA1 /* Release */ = {
			isa = XCBuildConfiguration;
			baseConfigurationReference = C977693CFA2F1A0403234B19 /* Pods-SwiftArquiteturas.release.xcconfig */;
			buildSettings = {
				ASSETCATALOG_COMPILER_APPICON_NAME = AppIcon;
				ASSETCATALOG_COMPILER_GLOBAL_ACCENT_COLOR_NAME = AccentColor;
				CODE_SIGN_STYLE = Automatic;
				CURRENT_PROJECT_VERSION = 1;
				GENERATE_INFOPLIST_FILE = YES;
				INFOPLIST_FILE = SwiftArquiteturas/Info.plist;
				INFOPLIST_KEY_UIApplicationSupportsIndirectInputEvents = YES;
				INFOPLIST_KEY_UILaunchStoryboardName = LaunchScreen;
				INFOPLIST_KEY_UIMainStoryboardFile = Main;
				INFOPLIST_KEY_UISupportedInterfaceOrientations_iPad = "UIInterfaceOrientationPortrait UIInterfaceOrientationPortraitUpsideDown UIInterfaceOrientationLandscapeLeft UIInterfaceOrientationLandscapeRight";
				INFOPLIST_KEY_UISupportedInterfaceOrientations_iPhone = "UIInterfaceOrientationPortrait UIInterfaceOrientationLandscapeLeft UIInterfaceOrientationLandscapeRight";
				LD_RUNPATH_SEARCH_PATHS = (
					"$(inherited)",
					"@executable_path/Frameworks",
				);
				MARKETING_VERSION = 1.0;
				PRODUCT_BUNDLE_IDENTIFIER = br.com.nttdataeveris.SwiftArquiteturas;
				PRODUCT_NAME = "$(TARGET_NAME)";
				SWIFT_EMIT_LOC_STRINGS = YES;
				SWIFT_VERSION = 5.0;
				TARGETED_DEVICE_FAMILY = "1,2";
			};
			name = Release;
		};
/* End XCBuildConfiguration section */

/* Begin XCConfigurationList section */
		2C7EB71D291D78D80015BBA1 /* Build configuration list for PBXProject "SwiftArquiteturas" */ = {
			isa = XCConfigurationList;
			buildConfigurations = (
				2C7EB734291D78DB0015BBA1 /* Debug */,
				2C7EB735291D78DB0015BBA1 /* Release */,
			);
			defaultConfigurationIsVisible = 0;
			defaultConfigurationName = Release;
		};
		2C7EB736291D78DB0015BBA1 /* Build configuration list for PBXNativeTarget "SwiftArquiteturas" */ = {
			isa = XCConfigurationList;
			buildConfigurations = (
				2C7EB737291D78DB0015BBA1 /* Debug */,
				2C7EB738291D78DB0015BBA1 /* Release */,
			);
			defaultConfigurationIsVisible = 0;
			defaultConfigurationName = Release;
		};
/* End XCConfigurationList section */
	};
	rootObject = 2C7EB71A291D78D80015BBA1 /* Project object */;
}
